
Microsoft Visual Studio Solution File, Format Version 12.00
Project("{FAE04EC0-301F-11D3-BF4B-00C04F79EFBC}") = "WebCurrencyConverter", "WebCurrencyConverter\WebCurrencyConverter.csproj", "{FF6ADD17-6648-49D9-AC2B-46A0251E4063}"
EndProject
Global
	GlobalSection(SolutionConfigurationPlatforms) = preSolution
		Debug|Any CPU = Debug|Any CPU
		Release|Any CPU = Release|Any CPU
	EndGlobalSection
	GlobalSection(ProjectConfigurationPlatforms) = postSolution
		{FF6ADD17-6648-49D9-AC2B-46A0251E4063}.Debug|Any CPU.ActiveCfg = Debug|Any CPU
		{FF6ADD17-6648-49D9-AC2B-46A0251E4063}.Debug|Any CPU.Build.0 = Debug|Any CPU
		{FF6ADD17-6648-49D9-AC2B-46A0251E4063}.Release|Any CPU.ActiveCfg = Release|Any CPU
		{FF6ADD17-6648-49D9-AC2B-46A0251E4063}.Release|Any CPU.Build.0 = Release|Any CPU
	EndGlobalSection
EndGlobal
